// !$*UTF8*$!
{
	archiveVersion = 1;
	classes = {
	};
	objectVersion = 56;
	objects = {

/* Begin PBXBuildFile section */
		9010ADCF291023DB00BCDF0E /* AppDelegate.swift in Sources */ = {isa = PBXBuildFile; fileRef = 9010ADCE291023DB00BCDF0E /* AppDelegate.swift */; };
		9010ADD1291023DB00BCDF0E /* SceneDelegate.swift in Sources */ = {isa = PBXBuildFile; fileRef = 9010ADD0291023DB00BCDF0E /* SceneDelegate.swift */; };
		9010ADD3291023DB00BCDF0E /* LoginViewController.swift in Sources */ = {isa = PBXBuildFile; fileRef = 9010ADD2291023DB00BCDF0E /* LoginViewController.swift */; };
		9010ADD6291023DB00BCDF0E /* Main.storyboard in Resources */ = {isa = PBXBuildFile; fileRef = 9010ADD4291023DB00BCDF0E /* Main.storyboard */; };
		9010ADD8291023DC00BCDF0E /* Assets.xcassets in Resources */ = {isa = PBXBuildFile; fileRef = 9010ADD7291023DC00BCDF0E /* Assets.xcassets */; };
		9010ADDB291023DC00BCDF0E /* LaunchScreen.storyboard in Resources */ = {isa = PBXBuildFile; fileRef = 9010ADD9291023DC00BCDF0E /* LaunchScreen.storyboard */; };
		9020B2DE2910326900FE883D /* GoogleService-Info.plist in Resources */ = {isa = PBXBuildFile; fileRef = 9020B2DD2910326900FE883D /* GoogleService-Info.plist */; };
		9038A8E029229B4600D422BB /* FileStorage.swift in Sources */ = {isa = PBXBuildFile; fileRef = 9038A8DF29229B4600D422BB /* FileStorage.swift */; };
		9038A8E22922ADF300D422BB /* GlobalFunctions.swift in Sources */ = {isa = PBXBuildFile; fileRef = 9038A8E12922ADF300D422BB /* GlobalFunctions.swift */; };
		9038A8E42922BBA500D422BB /* Extensions.swift in Sources */ = {isa = PBXBuildFile; fileRef = 9038A8E32922BBA500D422BB /* Extensions.swift */; };
		9038A8E62922CF2600D422BB /* Status.swift in Sources */ = {isa = PBXBuildFile; fileRef = 9038A8E52922CF2600D422BB /* Status.swift */; };
		9038A8E82922D15400D422BB /* StatusTableViewController.swift in Sources */ = {isa = PBXBuildFile; fileRef = 9038A8E72922D15400D422BB /* StatusTableViewController.swift */; };
		903A7E6829252C9F003F3D21 /* UserTableViewCell.swift in Sources */ = {isa = PBXBuildFile; fileRef = 903A7E6729252C9F003F3D21 /* UserTableViewCell.swift */; };
		903A7E6A29252CB5003F3D21 /* UsersTableViewController.swift in Sources */ = {isa = PBXBuildFile; fileRef = 903A7E6929252CB5003F3D21 /* UsersTableViewController.swift */; };
		903A7E6C29254A70003F3D21 /* ProfileTableViewController.swift in Sources */ = {isa = PBXBuildFile; fileRef = 903A7E6B29254A70003F3D21 /* ProfileTableViewController.swift */; };
		9048EE9E2915B67900CFB8C0 /* SettingsTableViewController.swift in Sources */ = {isa = PBXBuildFile; fileRef = 9048EE9D2915B67900CFB8C0 /* SettingsTableViewController.swift */; };
		9049667029118C1000183EBF /* User.swift in Sources */ = {isa = PBXBuildFile; fileRef = 9049666F29118C1000183EBF /* User.swift */; };
		9049667229118E6B00183EBF /* Constants.swift in Sources */ = {isa = PBXBuildFile; fileRef = 9049667129118E6B00183EBF /* Constants.swift */; };
		904966762911933700183EBF /* FCollectionRefrence.swift in Sources */ = {isa = PBXBuildFile; fileRef = 904966752911933700183EBF /* FCollectionRefrence.swift */; };
		904966792911943D00183EBF /* FirebaseUserListener.swift in Sources */ = {isa = PBXBuildFile; fileRef = 904966782911943D00183EBF /* FirebaseUserListener.swift */; };
		90790DBB29217362005110ED /* EditProfileTableViewController.swift in Sources */ = {isa = PBXBuildFile; fileRef = 90790DBA29217362005110ED /* EditProfileTableViewController.swift */; };
		9089ABC82927C92C005D311D /* RecentChat.swift in Sources */ = {isa = PBXBuildFile; fileRef = 9089ABC72927C92C005D311D /* RecentChat.swift */; };
		9089ABCA2927CD1F005D311D /* RecentChatTableViewCell.swift in Sources */ = {isa = PBXBuildFile; fileRef = 9089ABC92927CD1F005D311D /* RecentChatTableViewCell.swift */; };
		9089ABCC2927DEB0005D311D /* StartChat.swift in Sources */ = {isa = PBXBuildFile; fileRef = 9089ABCB2927DEB0005D311D /* StartChat.swift */; };
		9089ABCE2927E15D005D311D /* FirebaseRecentChatListener.swift in Sources */ = {isa = PBXBuildFile; fileRef = 9089ABCD2927E15D005D311D /* FirebaseRecentChatListener.swift */; };
		E31E10CCE5C9B7ACC240604D /* Pods_Telegraph.framework in Frameworks */ = {isa = PBXBuildFile; fileRef = 5A406C20A439F87C76482CE6 /* Pods_Telegraph.framework */; };
/* End PBXBuildFile section */

/* Begin PBXFileReference section */
		5A406C20A439F87C76482CE6 /* Pods_Telegraph.framework */ = {isa = PBXFileReference; explicitFileType = wrapper.framework; includeInIndex = 0; path = Pods_Telegraph.framework; sourceTree = BUILT_PRODUCTS_DIR; };
		9010ADCB291023DB00BCDF0E /* Telegraph.app */ = {isa = PBXFileReference; explicitFileType = wrapper.application; includeInIndex = 0; path = Telegraph.app; sourceTree = BUILT_PRODUCTS_DIR; };
		9010ADCE291023DB00BCDF0E /* AppDelegate.swift */ = {isa = PBXFileReference; lastKnownFileType = sourcecode.swift; path = AppDelegate.swift; sourceTree = "<group>"; };
		9010ADD0291023DB00BCDF0E /* SceneDelegate.swift */ = {isa = PBXFileReference; lastKnownFileType = sourcecode.swift; path = SceneDelegate.swift; sourceTree = "<group>"; };
		9010ADD2291023DB00BCDF0E /* LoginViewController.swift */ = {isa = PBXFileReference; lastKnownFileType = sourcecode.swift; path = LoginViewController.swift; sourceTree = "<group>"; };
		9010ADD5291023DB00BCDF0E /* Base */ = {isa = PBXFileReference; lastKnownFileType = file.storyboard; name = Base; path = Base.lproj/Main.storyboard; sourceTree = "<group>"; };
		9010ADD7291023DC00BCDF0E /* Assets.xcassets */ = {isa = PBXFileReference; lastKnownFileType = folder.assetcatalog; path = Assets.xcassets; sourceTree = "<group>"; };
		9010ADDA291023DC00BCDF0E /* Base */ = {isa = PBXFileReference; lastKnownFileType = file.storyboard; name = Base; path = Base.lproj/LaunchScreen.storyboard; sourceTree = "<group>"; };
		9010ADDC291023DC00BCDF0E /* Info.plist */ = {isa = PBXFileReference; lastKnownFileType = text.plist.xml; path = Info.plist; sourceTree = "<group>"; };
		9020B2DD2910326900FE883D /* GoogleService-Info.plist */ = {isa = PBXFileReference; fileEncoding = 4; lastKnownFileType = text.plist.xml; path = "GoogleService-Info.plist"; sourceTree = "<group>"; };
		9038A8DF29229B4600D422BB /* FileStorage.swift */ = {isa = PBXFileReference; lastKnownFileType = sourcecode.swift; path = FileStorage.swift; sourceTree = "<group>"; };
		9038A8E12922ADF300D422BB /* GlobalFunctions.swift */ = {isa = PBXFileReference; lastKnownFileType = sourcecode.swift; path = GlobalFunctions.swift; sourceTree = "<group>"; };
		9038A8E32922BBA500D422BB /* Extensions.swift */ = {isa = PBXFileReference; lastKnownFileType = sourcecode.swift; path = Extensions.swift; sourceTree = "<group>"; };
		9038A8E52922CF2600D422BB /* Status.swift */ = {isa = PBXFileReference; lastKnownFileType = sourcecode.swift; path = Status.swift; sourceTree = "<group>"; };
		9038A8E72922D15400D422BB /* StatusTableViewController.swift */ = {isa = PBXFileReference; lastKnownFileType = sourcecode.swift; path = StatusTableViewController.swift; sourceTree = "<group>"; };
		903A7E6729252C9F003F3D21 /* UserTableViewCell.swift */ = {isa = PBXFileReference; lastKnownFileType = sourcecode.swift; path = UserTableViewCell.swift; sourceTree = "<group>"; };
		903A7E6929252CB5003F3D21 /* UsersTableViewController.swift */ = {isa = PBXFileReference; lastKnownFileType = sourcecode.swift; path = UsersTableViewController.swift; sourceTree = "<group>"; };
		903A7E6B29254A70003F3D21 /* ProfileTableViewController.swift */ = {isa = PBXFileReference; lastKnownFileType = sourcecode.swift; path = ProfileTableViewController.swift; sourceTree = "<group>"; };
		9048EE9D2915B67900CFB8C0 /* SettingsTableViewController.swift */ = {isa = PBXFileReference; lastKnownFileType = sourcecode.swift; path = SettingsTableViewController.swift; sourceTree = "<group>"; };
		9049666F29118C1000183EBF /* User.swift */ = {isa = PBXFileReference; lastKnownFileType = sourcecode.swift; path = User.swift; sourceTree = "<group>"; };
		9049667129118E6B00183EBF /* Constants.swift */ = {isa = PBXFileReference; lastKnownFileType = sourcecode.swift; path = Constants.swift; sourceTree = "<group>"; };
		904966752911933700183EBF /* FCollectionRefrence.swift */ = {isa = PBXFileReference; lastKnownFileType = sourcecode.swift; path = FCollectionRefrence.swift; sourceTree = "<group>"; };
		904966782911943D00183EBF /* FirebaseUserListener.swift */ = {isa = PBXFileReference; lastKnownFileType = sourcecode.swift; path = FirebaseUserListener.swift; sourceTree = "<group>"; };
		90790DBA29217362005110ED /* EditProfileTableViewController.swift */ = {isa = PBXFileReference; lastKnownFileType = sourcecode.swift; path = EditProfileTableViewController.swift; sourceTree = "<group>"; };
		9089ABC72927C92C005D311D /* RecentChat.swift */ = {isa = PBXFileReference; lastKnownFileType = sourcecode.swift; path = RecentChat.swift; sourceTree = "<group>"; };
		9089ABC92927CD1F005D311D /* RecentChatTableViewCell.swift */ = {isa = PBXFileReference; lastKnownFileType = sourcecode.swift; path = RecentChatTableViewCell.swift; sourceTree = "<group>"; };
		9089ABCB2927DEB0005D311D /* StartChat.swift */ = {isa = PBXFileReference; lastKnownFileType = sourcecode.swift; path = StartChat.swift; sourceTree = "<group>"; };
		9089ABCD2927E15D005D311D /* FirebaseRecentChatListener.swift */ = {isa = PBXFileReference; lastKnownFileType = sourcecode.swift; path = FirebaseRecentChatListener.swift; sourceTree = "<group>"; };
		92A550144BF7D95DBEE9C9E1 /* Pods-Telegraph.release.xcconfig */ = {isa = PBXFileReference; includeInIndex = 1; lastKnownFileType = text.xcconfig; name = "Pods-Telegraph.release.xcconfig"; path = "Target Support Files/Pods-Telegraph/Pods-Telegraph.release.xcconfig"; sourceTree = "<group>"; };
		CEF14D57E068D754027113BB /* Pods-Telegraph.debug.xcconfig */ = {isa = PBXFileReference; includeInIndex = 1; lastKnownFileType = text.xcconfig; name = "Pods-Telegraph.debug.xcconfig"; path = "Target Support Files/Pods-Telegraph/Pods-Telegraph.debug.xcconfig"; sourceTree = "<group>"; };
/* End PBXFileReference section */

/* Begin PBXFrameworksBuildPhase section */
		9010ADC8291023DB00BCDF0E /* Frameworks */ = {
			isa = PBXFrameworksBuildPhase;
			buildActionMask = 2147483647;
			files = (
				E31E10CCE5C9B7ACC240604D /* Pods_Telegraph.framework in Frameworks */,
			);
			runOnlyForDeploymentPostprocessing = 0;
		};
/* End PBXFrameworksBuildPhase section */

/* Begin PBXGroup section */
		28C01AA1A50DC25221F353FF /* Frameworks */ = {
			isa = PBXGroup;
			children = (
				5A406C20A439F87C76482CE6 /* Pods_Telegraph.framework */,
			);
			name = Frameworks;
			sourceTree = "<group>";
		};
		9010ADC2291023DB00BCDF0E = {
			isa = PBXGroup;
			children = (
				9010ADCD291023DB00BCDF0E /* Telegraph */,
				9010ADCC291023DB00BCDF0E /* Products */,
				C08F715D2D42238D468E5A3E /* Pods */,
				28C01AA1A50DC25221F353FF /* Frameworks */,
			);
			sourceTree = "<group>";
		};
		9010ADCC291023DB00BCDF0E /* Products */ = {
			isa = PBXGroup;
			children = (
				9010ADCB291023DB00BCDF0E /* Telegraph.app */,
			);
			name = Products;
			sourceTree = "<group>";
		};
		9010ADCD291023DB00BCDF0E /* Telegraph */ = {
			isa = PBXGroup;
			children = (
				90496677291193EF00183EBF /* FirebaseHelpers */,
				9049666E29118C0200183EBF /* Models */,
				9048EEA02915B6B500CFB8C0 /* App */,
				9048EE9F2915B67F00CFB8C0 /* Views */,
				9049667429118EFC00183EBF /* Utility */,
				9010ADD4291023DB00BCDF0E /* Main.storyboard */,
				9010ADD7291023DC00BCDF0E /* Assets.xcassets */,
				9010ADD9291023DC00BCDF0E /* LaunchScreen.storyboard */,
				9010ADDC291023DC00BCDF0E /* Info.plist */,
				9020B2DD2910326900FE883D /* GoogleService-Info.plist */,
			);
			path = Telegraph;
			sourceTree = "<group>";
		};
		9048EE9F2915B67F00CFB8C0 /* Views */ = {
			isa = PBXGroup;
			children = (
				9010ADD2291023DB00BCDF0E /* LoginViewController.swift */,
				9048EE9D2915B67900CFB8C0 /* SettingsTableViewController.swift */,
				90790DBA29217362005110ED /* EditProfileTableViewController.swift */,
				9038A8E72922D15400D422BB /* StatusTableViewController.swift */,
				903A7E6729252C9F003F3D21 /* UserTableViewCell.swift */,
				903A7E6929252CB5003F3D21 /* UsersTableViewController.swift */,
				903A7E6B29254A70003F3D21 /* ProfileTableViewController.swift */,
				9089ABC92927CD1F005D311D /* RecentChatTableViewCell.swift */,
			);
			path = Views;
			sourceTree = "<group>";
		};
		9048EEA02915B6B500CFB8C0 /* App */ = {
			isa = PBXGroup;
			children = (
				9010ADCE291023DB00BCDF0E /* AppDelegate.swift */,
				9010ADD0291023DB00BCDF0E /* SceneDelegate.swift */,
			);
			path = App;
			sourceTree = "<group>";
		};
		9049666E29118C0200183EBF /* Models */ = {
			isa = PBXGroup;
			children = (
				9049666F29118C1000183EBF /* User.swift */,
				9089ABC72927C92C005D311D /* RecentChat.swift */,
				9038A8E52922CF2600D422BB /* Status.swift */,
			);
			path = Models;
			sourceTree = "<group>";
		};
		9049667429118EFC00183EBF /* Utility */ = {
			isa = PBXGroup;
			children = (
				9038A8E32922BBA500D422BB /* Extensions.swift */,
				9049667129118E6B00183EBF /* Constants.swift */,
				9038A8E12922ADF300D422BB /* GlobalFunctions.swift */,
				9089ABCB2927DEB0005D311D /* StartChat.swift */,
			);
			path = Utility;
			sourceTree = "<group>";
		};
		90496677291193EF00183EBF /* FirebaseHelpers */ = {
			isa = PBXGroup;
			children = (
				904966752911933700183EBF /* FCollectionRefrence.swift */,
				904966782911943D00183EBF /* FirebaseUserListener.swift */,
				9089ABCD2927E15D005D311D /* FirebaseRecentChatListener.swift */,
				9038A8DF29229B4600D422BB /* FileStorage.swift */,
			);
			path = FirebaseHelpers;
			sourceTree = "<group>";
		};
		C08F715D2D42238D468E5A3E /* Pods */ = {
			isa = PBXGroup;
			children = (
				CEF14D57E068D754027113BB /* Pods-Telegraph.debug.xcconfig */,
				92A550144BF7D95DBEE9C9E1 /* Pods-Telegraph.release.xcconfig */,
			);
			path = Pods;
			sourceTree = "<group>";
		};
/* End PBXGroup section */

/* Begin PBXNativeTarget section */
		9010ADCA291023DB00BCDF0E /* Telegraph */ = {
			isa = PBXNativeTarget;
			buildConfigurationList = 9010ADDF291023DC00BCDF0E /* Build configuration list for PBXNativeTarget "Telegraph" */;
			buildPhases = (
				071CF6FD9C2CF74A0ED03F83 /* [CP] Check Pods Manifest.lock */,
				9010ADC7291023DB00BCDF0E /* Sources */,
				9010ADC8291023DB00BCDF0E /* Frameworks */,
				9010ADC9291023DB00BCDF0E /* Resources */,
				1966EF29DD56704A5968C222 /* [CP] Embed Pods Frameworks */,
			);
			buildRules = (
			);
			dependencies = (
			);
			name = Telegraph;
			productName = Telegraph;
			productReference = 9010ADCB291023DB00BCDF0E /* Telegraph.app */;
			productType = "com.apple.product-type.application";
		};
/* End PBXNativeTarget section */

/* Begin PBXProject section */
		9010ADC3291023DB00BCDF0E /* Project object */ = {
			isa = PBXProject;
			attributes = {
				BuildIndependentTargetsInParallel = 1;
				LastSwiftUpdateCheck = 1400;
				LastUpgradeCheck = 1400;
				TargetAttributes = {
					9010ADCA291023DB00BCDF0E = {
						CreatedOnToolsVersion = 14.0.1;
					};
				};
			};
			buildConfigurationList = 9010ADC6291023DB00BCDF0E /* Build configuration list for PBXProject "Telegraph" */;
			compatibilityVersion = "Xcode 14.0";
			developmentRegion = en;
			hasScannedForEncodings = 0;
			knownRegions = (
				en,
				Base,
			);
			mainGroup = 9010ADC2291023DB00BCDF0E;
			productRefGroup = 9010ADCC291023DB00BCDF0E /* Products */;
			projectDirPath = "";
			projectRoot = "";
			targets = (
				9010ADCA291023DB00BCDF0E /* Telegraph */,
			);
		};
/* End PBXProject section */

/* Begin PBXResourcesBuildPhase section */
		9010ADC9291023DB00BCDF0E /* Resources */ = {
			isa = PBXResourcesBuildPhase;
			buildActionMask = 2147483647;
			files = (
				9010ADDB291023DC00BCDF0E /* LaunchScreen.storyboard in Resources */,
				9020B2DE2910326900FE883D /* GoogleService-Info.plist in Resources */,
				9010ADD8291023DC00BCDF0E /* Assets.xcassets in Resources */,
				9010ADD6291023DB00BCDF0E /* Main.storyboard in Resources */,
			);
			runOnlyForDeploymentPostprocessing = 0;
		};
/* End PBXResourcesBuildPhase section */

/* Begin PBXShellScriptBuildPhase section */
		071CF6FD9C2CF74A0ED03F83 /* [CP] Check Pods Manifest.lock */ = {
			isa = PBXShellScriptBuildPhase;
			buildActionMask = 2147483647;
			files = (
			);
			inputFileListPaths = (
			);
			inputPaths = (
				"${PODS_PODFILE_DIR_PATH}/Podfile.lock",
				"${PODS_ROOT}/Manifest.lock",
			);
			name = "[CP] Check Pods Manifest.lock";
			outputFileListPaths = (
			);
			outputPaths = (
				"$(DERIVED_FILE_DIR)/Pods-Telegraph-checkManifestLockResult.txt",
			);
			runOnlyForDeploymentPostprocessing = 0;
			shellPath = /bin/sh;
			shellScript = "diff \"${PODS_PODFILE_DIR_PATH}/Podfile.lock\" \"${PODS_ROOT}/Manifest.lock\" > /dev/null\nif [ $? != 0 ] ; then\n    # print error to STDERR\n    echo \"error: The sandbox is not in sync with the Podfile.lock. Run 'pod install' or update your CocoaPods installation.\" >&2\n    exit 1\nfi\n# This output is used by Xcode 'outputs' to avoid re-running this script phase.\necho \"SUCCESS\" > \"${SCRIPT_OUTPUT_FILE_0}\"\n";
			showEnvVarsInLog = 0;
		};
		1966EF29DD56704A5968C222 /* [CP] Embed Pods Frameworks */ = {
			isa = PBXShellScriptBuildPhase;
			buildActionMask = 2147483647;
			files = (
			);
			inputFileListPaths = (
				"${PODS_ROOT}/Target Support Files/Pods-Telegraph/Pods-Telegraph-frameworks-${CONFIGURATION}-input-files.xcfilelist",
			);
			name = "[CP] Embed Pods Frameworks";
			outputFileListPaths = (
				"${PODS_ROOT}/Target Support Files/Pods-Telegraph/Pods-Telegraph-frameworks-${CONFIGURATION}-output-files.xcfilelist",
			);
			runOnlyForDeploymentPostprocessing = 0;
			shellPath = /bin/sh;
			shellScript = "\"${PODS_ROOT}/Target Support Files/Pods-Telegraph/Pods-Telegraph-frameworks.sh\"\n";
			showEnvVarsInLog = 0;
		};
/* End PBXShellScriptBuildPhase section */

/* Begin PBXSourcesBuildPhase section */
		9010ADC7291023DB00BCDF0E /* Sources */ = {
			isa = PBXSourcesBuildPhase;
			buildActionMask = 2147483647;
			files = (
				9089ABC82927C92C005D311D /* RecentChat.swift in Sources */,
				9038A8E22922ADF300D422BB /* GlobalFunctions.swift in Sources */,
				904966762911933700183EBF /* FCollectionRefrence.swift in Sources */,
				903A7E6A29252CB5003F3D21 /* UsersTableViewController.swift in Sources */,
				9038A8E029229B4600D422BB /* FileStorage.swift in Sources */,
				9089ABCA2927CD1F005D311D /* RecentChatTableViewCell.swift in Sources */,
				9049667229118E6B00183EBF /* Constants.swift in Sources */,
				903A7E6829252C9F003F3D21 /* UserTableViewCell.swift in Sources */,
				9049667029118C1000183EBF /* User.swift in Sources */,
				903A7E6C29254A70003F3D21 /* ProfileTableViewController.swift in Sources */,
				9010ADD3291023DB00BCDF0E /* LoginViewController.swift in Sources */,
				9048EE9E2915B67900CFB8C0 /* SettingsTableViewController.swift in Sources */,
				9038A8E42922BBA500D422BB /* Extensions.swift in Sources */,
				90790DBB29217362005110ED /* EditProfileTableViewController.swift in Sources */,
				9038A8E82922D15400D422BB /* StatusTableViewController.swift in Sources */,
				9038A8E62922CF2600D422BB /* Status.swift in Sources */,
				9089ABCE2927E15D005D311D /* FirebaseRecentChatListener.swift in Sources */,
				9089ABCC2927DEB0005D311D /* StartChat.swift in Sources */,
				9010ADCF291023DB00BCDF0E /* AppDelegate.swift in Sources */,
				904966792911943D00183EBF /* FirebaseUserListener.swift in Sources */,
				9010ADD1291023DB00BCDF0E /* SceneDelegate.swift in Sources */,
			);
			runOnlyForDeploymentPostprocessing = 0;
		};
/* End PBXSourcesBuildPhase section */

/* Begin PBXVariantGroup section */
		9010ADD4291023DB00BCDF0E /* Main.storyboard */ = {
			isa = PBXVariantGroup;
			children = (
				9010ADD5291023DB00BCDF0E /* Base */,
			);
			name = Main.storyboard;
			sourceTree = "<group>";
		};
		9010ADD9291023DC00BCDF0E /* LaunchScreen.storyboard */ = {
			isa = PBXVariantGroup;
			children = (
				9010ADDA291023DC00BCDF0E /* Base */,
			);
			name = LaunchScreen.storyboard;
			sourceTree = "<group>";
		};
/* End PBXVariantGroup section */

/* Begin XCBuildConfiguration section */
		9010ADDD291023DC00BCDF0E /* Debug */ = {
			isa = XCBuildConfiguration;
			buildSettings = {
				ALWAYS_SEARCH_USER_PATHS = NO;
				CLANG_ANALYZER_NONNULL = YES;
				CLANG_ANALYZER_NUMBER_OBJECT_CONVERSION = YES_AGGRESSIVE;
				CLANG_CXX_LANGUAGE_STANDARD = "gnu++20";
				CLANG_ENABLE_MODULES = YES;
				CLANG_ENABLE_OBJC_ARC = YES;
				CLANG_ENABLE_OBJC_WEAK = YES;
				CLANG_WARN_BLOCK_CAPTURE_AUTORELEASING = YES;
				CLANG_WARN_BOOL_CONVERSION = YES;
				CLANG_WARN_COMMA = YES;
				CLANG_WARN_CONSTANT_CONVERSION = YES;
				CLANG_WARN_DEPRECATED_OBJC_IMPLEMENTATIONS = YES;
				CLANG_WARN_DIRECT_OBJC_ISA_USAGE = YES_ERROR;
				CLANG_WARN_DOCUMENTATION_COMMENTS = YES;
				CLANG_WARN_EMPTY_BODY = YES;
				CLANG_WARN_ENUM_CONVERSION = YES;
				CLANG_WARN_INFINITE_RECURSION = YES;
				CLANG_WARN_INT_CONVERSION = YES;
				CLANG_WARN_NON_LITERAL_NULL_CONVERSION = YES;
				CLANG_WARN_OBJC_IMPLICIT_RETAIN_SELF = YES;
				CLANG_WARN_OBJC_LITERAL_CONVERSION = YES;
				CLANG_WARN_OBJC_ROOT_CLASS = YES_ERROR;
				CLANG_WARN_QUOTED_INCLUDE_IN_FRAMEWORK_HEADER = YES;
				CLANG_WARN_RANGE_LOOP_ANALYSIS = YES;
				CLANG_WARN_STRICT_PROTOTYPES = YES;
				CLANG_WARN_SUSPICIOUS_MOVE = YES;
				CLANG_WARN_UNGUARDED_AVAILABILITY = YES_AGGRESSIVE;
				CLANG_WARN_UNREACHABLE_CODE = YES;
				CLANG_WARN__DUPLICATE_METHOD_MATCH = YES;
				COPY_PHASE_STRIP = NO;
				DEBUG_INFORMATION_FORMAT = dwarf;
				ENABLE_STRICT_OBJC_MSGSEND = YES;
				ENABLE_TESTABILITY = YES;
				GCC_C_LANGUAGE_STANDARD = gnu11;
				GCC_DYNAMIC_NO_PIC = NO;
				GCC_NO_COMMON_BLOCKS = YES;
				GCC_OPTIMIZATION_LEVEL = 0;
				GCC_PREPROCESSOR_DEFINITIONS = (
					"DEBUG=1",
					"$(inherited)",
				);
				GCC_WARN_64_TO_32_BIT_CONVERSION = YES;
				GCC_WARN_ABOUT_RETURN_TYPE = YES_ERROR;
				GCC_WARN_UNDECLARED_SELECTOR = YES;
				GCC_WARN_UNINITIALIZED_AUTOS = YES_AGGRESSIVE;
				GCC_WARN_UNUSED_FUNCTION = YES;
				GCC_WARN_UNUSED_VARIABLE = YES;
				IPHONEOS_DEPLOYMENT_TARGET = 16.0;
				MTL_ENABLE_DEBUG_INFO = INCLUDE_SOURCE;
				MTL_FAST_MATH = YES;
				ONLY_ACTIVE_ARCH = YES;
				SDKROOT = iphoneos;
				SWIFT_ACTIVE_COMPILATION_CONDITIONS = DEBUG;
				SWIFT_OPTIMIZATION_LEVEL = "-Onone";
			};
			name = Debug;
		};
		9010ADDE291023DC00BCDF0E /* Release */ = {
			isa = XCBuildConfiguration;
			buildSettings = {
				ALWAYS_SEARCH_USER_PATHS = NO;
				CLANG_ANALYZER_NONNULL = YES;
				CLANG_ANALYZER_NUMBER_OBJECT_CONVERSION = YES_AGGRESSIVE;
				CLANG_CXX_LANGUAGE_STANDARD = "gnu++20";
				CLANG_ENABLE_MODULES = YES;
				CLANG_ENABLE_OBJC_ARC = YES;
				CLANG_ENABLE_OBJC_WEAK = YES;
				CLANG_WARN_BLOCK_CAPTURE_AUTORELEASING = YES;
				CLANG_WARN_BOOL_CONVERSION = YES;
				CLANG_WARN_COMMA = YES;
				CLANG_WARN_CONSTANT_CONVERSION = YES;
				CLANG_WARN_DEPRECATED_OBJC_IMPLEMENTATIONS = YES;
				CLANG_WARN_DIRECT_OBJC_ISA_USAGE = YES_ERROR;
				CLANG_WARN_DOCUMENTATION_COMMENTS = YES;
				CLANG_WARN_EMPTY_BODY = YES;
				CLANG_WARN_ENUM_CONVERSION = YES;
				CLANG_WARN_INFINITE_RECURSION = YES;
				CLANG_WARN_INT_CONVERSION = YES;
				CLANG_WARN_NON_LITERAL_NULL_CONVERSION = YES;
				CLANG_WARN_OBJC_IMPLICIT_RETAIN_SELF = YES;
				CLANG_WARN_OBJC_LITERAL_CONVERSION = YES;
				CLANG_WARN_OBJC_ROOT_CLASS = YES_ERROR;
				CLANG_WARN_QUOTED_INCLUDE_IN_FRAMEWORK_HEADER = YES;
				CLANG_WARN_RANGE_LOOP_ANALYSIS = YES;
				CLANG_WARN_STRICT_PROTOTYPES = YES;
				CLANG_WARN_SUSPICIOUS_MOVE = YES;
				CLANG_WARN_UNGUARDED_AVAILABILITY = YES_AGGRESSIVE;
				CLANG_WARN_UNREACHABLE_CODE = YES;
				CLANG_WARN__DUPLICATE_METHOD_MATCH = YES;
				COPY_PHASE_STRIP = NO;
				DEBUG_INFORMATION_FORMAT = "dwarf-with-dsym";
				ENABLE_NS_ASSERTIONS = NO;
				ENABLE_STRICT_OBJC_MSGSEND = YES;
				GCC_C_LANGUAGE_STANDARD = gnu11;
				GCC_NO_COMMON_BLOCKS = YES;
				GCC_WARN_64_TO_32_BIT_CONVERSION = YES;
				GCC_WARN_ABOUT_RETURN_TYPE = YES_ERROR;
				GCC_WARN_UNDECLARED_SELECTOR = YES;
				GCC_WARN_UNINITIALIZED_AUTOS = YES_AGGRESSIVE;
				GCC_WARN_UNUSED_FUNCTION = YES;
				GCC_WARN_UNUSED_VARIABLE = YES;
				IPHONEOS_DEPLOYMENT_TARGET = 16.0;
				MTL_ENABLE_DEBUG_INFO = NO;
				MTL_FAST_MATH = YES;
				SDKROOT = iphoneos;
				SWIFT_COMPILATION_MODE = wholemodule;
				SWIFT_OPTIMIZATION_LEVEL = "-O";
				VALIDATE_PRODUCT = YES;
			};
			name = Release;
		};
		9010ADE0291023DC00BCDF0E /* Debug */ = {
			isa = XCBuildConfiguration;
			baseConfigurationReference = CEF14D57E068D754027113BB /* Pods-Telegraph.debug.xcconfig */;
			buildSettings = {
				ASSETCATALOG_COMPILER_APPICON_NAME = AppIcon;
				ASSETCATALOG_COMPILER_GLOBAL_ACCENT_COLOR_NAME = AccentColor;
				CODE_SIGN_STYLE = Automatic;
				CURRENT_PROJECT_VERSION = 1;
				DEVELOPMENT_TEAM = 6U8HRYAE4R;
				GENERATE_INFOPLIST_FILE = YES;
				INFOPLIST_FILE = Telegraph/Info.plist;
				INFOPLIST_KEY_UIApplicationSupportsIndirectInputEvents = YES;
				INFOPLIST_KEY_UILaunchStoryboardName = LaunchScreen;
				INFOPLIST_KEY_UIMainStoryboardFile = Main;
				INFOPLIST_KEY_UISupportedInterfaceOrientations_iPad = "UIInterfaceOrientationPortrait UIInterfaceOrientationPortraitUpsideDown UIInterfaceOrientationLandscapeLeft UIInterfaceOrientationLandscapeRight";
				INFOPLIST_KEY_UISupportedInterfaceOrientations_iPhone = "UIInterfaceOrientationPortrait UIInterfaceOrientationLandscapeLeft UIInterfaceOrientationLandscapeRight";
				LD_RUNPATH_SEARCH_PATHS = (
					"$(inherited)",
					"@executable_path/Frameworks",
				);
				MARKETING_VERSION = 1.0;
				PRODUCT_BUNDLE_IDENTIFIER = am.soroush.Telegraph;
				PRODUCT_NAME = "$(TARGET_NAME)";
				SWIFT_EMIT_LOC_STRINGS = YES;
				SWIFT_VERSION = 5.0;
				TARGETED_DEVICE_FAMILY = "1,2";
			};
			name = Debug;
		};
		9010ADE1291023DC00BCDF0E /* Release */ = {
			isa = XCBuildConfiguration;
			baseConfigurationReference = 92A550144BF7D95DBEE9C9E1 /* Pods-Telegraph.release.xcconfig */;
			buildSettings = {
				ASSETCATALOG_COMPILER_APPICON_NAME = AppIcon;
				ASSETCATALOG_COMPILER_GLOBAL_ACCENT_COLOR_NAME = AccentColor;
				CODE_SIGN_STYLE = Automatic;
				CURRENT_PROJECT_VERSION = 1;
				DEVELOPMENT_TEAM = 6U8HRYAE4R;
				GENERATE_INFOPLIST_FILE = YES;
				INFOPLIST_FILE = Telegraph/Info.plist;
				INFOPLIST_KEY_UIApplicationSupportsIndirectInputEvents = YES;
				INFOPLIST_KEY_UILaunchStoryboardName = LaunchScreen;
				INFOPLIST_KEY_UIMainStoryboardFile = Main;
				INFOPLIST_KEY_UISupportedInterfaceOrientations_iPad = "UIInterfaceOrientationPortrait UIInterfaceOrientationPortraitUpsideDown UIInterfaceOrientationLandscapeLeft UIInterfaceOrientationLandscapeRight";
				INFOPLIST_KEY_UISupportedInterfaceOrientations_iPhone = "UIInterfaceOrientationPortrait UIInterfaceOrientationLandscapeLeft UIInterfaceOrientationLandscapeRight";
				LD_RUNPATH_SEARCH_PATHS = (
					"$(inherited)",
					"@executable_path/Frameworks",
				);
				MARKETING_VERSION = 1.0;
				PRODUCT_BUNDLE_IDENTIFIER = am.soroush.Telegraph;
				PRODUCT_NAME = "$(TARGET_NAME)";
				SWIFT_EMIT_LOC_STRINGS = YES;
				SWIFT_VERSION = 5.0;
				TARGETED_DEVICE_FAMILY = "1,2";
			};
			name = Release;
		};
/* End XCBuildConfiguration section */

/* Begin XCConfigurationList section */
		9010ADC6291023DB00BCDF0E /* Build configuration list for PBXProject "Telegraph" */ = {
			isa = XCConfigurationList;
			buildConfigurations = (
				9010ADDD291023DC00BCDF0E /* Debug */,
				9010ADDE291023DC00BCDF0E /* Release */,
			);
			defaultConfigurationIsVisible = 0;
			defaultConfigurationName = Release;
		};
		9010ADDF291023DC00BCDF0E /* Build configuration list for PBXNativeTarget "Telegraph" */ = {
			isa = XCConfigurationList;
			buildConfigurations = (
				9010ADE0291023DC00BCDF0E /* Debug */,
				9010ADE1291023DC00BCDF0E /* Release */,
			);
			defaultConfigurationIsVisible = 0;
			defaultConfigurationName = Release;
		};
/* End XCConfigurationList section */
	};
	rootObject = 9010ADC3291023DB00BCDF0E /* Project object */;
}
